{
  "name": "07_modulos_externos_event_emitter",
  "version": "1.0.0",
  "lockfileVersion": 3,
  "requires": true,
  "packages": {
    "": {
      "name": "07_modulos_externos_event_emitter",
      "version": "1.0.0",
      "license": "ISC",
      "dependencies": {
        "event": "^1.0.0"
      }
    },
    "node_modules/event": {
      "version": "1.0.0",
      "resolved": "https://registry.npmjs.org/event/-/event-1.0.0.tgz",
      "integrity": "sha512-/q6sbFBp32KzPv3nDAt3eio279pruEGP8JSvDpdHy7dhuQAYW1pvaDMq+vKm8+JS8PO5erorCP71sMpStZErgA==",
      "hasInstallScript": true,
      "dependencies": {
        "method": "~1.0.0",
        "reducible": "~1.0.1"
      }
    },
    "node_modules/method": {
      "version": "1.0.2",
      "resolved": "https://registry.npmjs.org/method/-/method-1.0.2.tgz",
      "integrity": "sha512-0BxVo2fPZK1gOfbQ7V8MWyiNLB+8dv8rREcOeQHnZdPZgUbdzXUUiqPszm8DY8sTk1ewWyloU6QSMUwF5+jc6Q=="
    },
    "node_modules/reducible": {
      "version": "1.0.6",
      "resolved": "https://registry.npmjs.org/reducible/-/reducible-1.0.6.tgz",
      "integrity": "sha512-sH74nXS0dz8nQ4qtDpolj9u2nOwoyIg0f8+TQM1bHllTQw95e9hGSBq5Dn0nFTXkJ1VEJ5rTb2UazDhN+KXX9Q==",
      "dependencies": {
        "method": "~2.0.x"
      }
    },
    "node_modules/reducible/node_modules/method": {
      "version": "2.0.0",
      "resolved": "https://registry.npmjs.org/method/-/method-2.0.0.tgz",
      "integrity": "sha512-JqK3SsKDlfW1+6HzlDcpsOBPyEA+gzKUN/3OG3yc6mvbcF/OyKd+OVJRht4TFABOpXV6IQVcc2kt1u5fWNjFCg=="
    }
  }
}
